
Microsoft Visual Studio Solution File, Format Version 12.00
# Visual Studio Version 17
VisualStudioVersion = 17.5.33627.172
MinimumVisualStudioVersion = 10.0.40219.1
Project("{FAE04EC0-301F-11D3-BF4B-00C04F79EFBC}") = "SideRealClock", "SideRealClock\SideRealClock.csproj", "{91052F80-F76B-4D43-B493-2789D9F60B16}"
EndProject
Project("{FAE04EC0-301F-11D3-BF4B-00C04F79EFBC}") = "SVGLib", "SVGLib\SVGLib.csproj", "{29A605FE-5681-40FD-A528-71609B0C6EC5}"
EndProject
Project("{2150E333-8FDC-42A3-9474-1A3956D46DE8}") = "Solution Items", "Solution Items", "{6F0AFA12-1ACF-45C9-AAAA-1E7D7A1CE505}"
	ProjectSection(SolutionItems) = preProject
		LICENSE.txt = LICENSE.txt
		README.md = README.md
	EndProjectSection
EndProject
Global
	GlobalSection(SolutionConfigurationPlatforms) = preSolution
		Debug|Any CPU = Debug|Any CPU
		Release|Any CPU = Release|Any CPU
	EndGlobalSection
	GlobalSection(ProjectConfigurationPlatforms) = postSolution
		{91052F80-F76B-4D43-B493-2789D9F60B16}.Debug|Any CPU.ActiveCfg = Debug|Any CPU
		{91052F80-F76B-4D43-B493-2789D9F60B16}.Debug|Any CPU.Build.0 = Debug|Any CPU
		{91052F80-F76B-4D43-B493-2789D9F60B16}.Debug|Any CPU.Deploy.0 = Debug|Any CPU
		{91052F80-F76B-4D43-B493-2789D9F60B16}.Release|Any CPU.ActiveCfg = Release|Any CPU
		{91052F80-F76B-4D43-B493-2789D9F60B16}.Release|Any CPU.Build.0 = Release|Any CPU
		{91052F80-F76B-4D43-B493-2789D9F60B16}.Release|Any CPU.Deploy.0 = Release|Any CPU
		{29A605FE-5681-40FD-A528-71609B0C6EC5}.Debug|Any CPU.ActiveCfg = Debug|Any CPU
		{29A605FE-5681-40FD-A528-71609B0C6EC5}.Debug|Any CPU.Build.0 = Debug|Any CPU
		{29A605FE-5681-40FD-A528-71609B0C6EC5}.Release|Any CPU.ActiveCfg = Release|Any CPU
		{29A605FE-5681-40FD-A528-71609B0C6EC5}.Release|Any CPU.Build.0 = Release|Any CPU
	EndGlobalSection
	GlobalSection(SolutionProperties) = preSolution
		HideSolutionNode = FALSE
	EndGlobalSection
	GlobalSection(ExtensibilityGlobals) = postSolution
		SolutionGuid = {1A915A2C-8143-4AB4-8081-4C290A99B70D}
	EndGlobalSection
EndGlobal
